
Microsoft Visual Studio Solution File, Format Version 12.00
# Visual Studio Version 16
VisualStudioVersion = 16.0.30711.63
MinimumVisualStudioVersion = 10.0.40219.1
Project("{FAE04EC0-301F-11D3-BF4B-00C04F79EFBC}") = "Nlogprac", "Nlogprac\Nlogprac.csproj", "{73425771-255E-4599-85E1-85EC359B7B55}"
EndProject
Global
	GlobalSection(SolutionConfigurationPlatforms) = preSolution
		Debug|Any CPU = Debug|Any CPU
		Release|Any CPU = Release|Any CPU
	EndGlobalSection
	GlobalSection(ProjectConfigurationPlatforms) = postSolution
		{73425771-255E-4599-85E1-85EC359B7B55}.Debug|Any CPU.ActiveCfg = Debug|Any CPU
		{73425771-255E-4599-85E1-85EC359B7B55}.Debug|Any CPU.Build.0 = Debug|Any CPU
		{73425771-255E-4599-85E1-85EC359B7B55}.Release|Any CPU.ActiveCfg = Release|Any CPU
		{73425771-255E-4599-85E1-85EC359B7B55}.Release|Any CPU.Build.0 = Release|Any CPU
	EndGlobalSection
	GlobalSection(SolutionProperties) = preSolution
		HideSolutionNode = FALSE
	EndGlobalSection
	GlobalSection(ExtensibilityGlobals) = postSolution
		SolutionGuid = {37B5ACDE-2EBE-4A2F-BD57-E15E7F4D7ECC}
	EndGlobalSection
EndGlobal
